
Microsoft Visual Studio Solution File, Format Version 12.00
# Visual Studio Version 16
VisualStudioVersion = 16.0.29613.14
MinimumVisualStudioVersion = 10.0.40219.1
Project("{FAE04EC0-301F-11D3-BF4B-00C04F79EFBC}") = "PersonalSite", "PersonalSite\PersonalSite.csproj", "{57B2AFAF-4D46-4120-A6BC-5B42E1757398}"
EndProject
Global
	GlobalSection(SolutionConfigurationPlatforms) = preSolution
		Debug|Any CPU = Debug|Any CPU
		Release|Any CPU = Release|Any CPU
	EndGlobalSection
	GlobalSection(ProjectConfigurationPlatforms) = postSolution
		{57B2AFAF-4D46-4120-A6BC-5B42E1757398}.Debug|Any CPU.ActiveCfg = Debug|Any CPU
		{57B2AFAF-4D46-4120-A6BC-5B42E1757398}.Debug|Any CPU.Build.0 = Debug|Any CPU
		{57B2AFAF-4D46-4120-A6BC-5B42E1757398}.Release|Any CPU.ActiveCfg = Release|Any CPU
		{57B2AFAF-4D46-4120-A6BC-5B42E1757398}.Release|Any CPU.Build.0 = Release|Any CPU
	EndGlobalSection
	GlobalSection(SolutionProperties) = preSolution
		HideSolutionNode = FALSE
	EndGlobalSection
	GlobalSection(ExtensibilityGlobals) = postSolution
		SolutionGuid = {A6B2305B-DA60-48DF-AF4A-D75957F08A65}
	EndGlobalSection
EndGlobal
